
Microsoft Visual Studio Solution File, Format Version 12.00
# Visual Studio Version 17
VisualStudioVersion = 17.8.34330.188
MinimumVisualStudioVersion = 10.0.40219.1
Project("{9A19103F-16F7-4668-BE54-9A1E7A4F7556}") = "LeitorNFe", "LeitorNFe\LeitorNFe.csproj", "{F0CD7D3A-76E3-4EB8-A08A-410FF73A8941}"
EndProject
Project("{9A19103F-16F7-4668-BE54-9A1E7A4F7556}") = "LeitorNFe.Domain", "LeitorNFe.Domain\LeitorNFe.Domain.csproj", "{FCAEC83C-94DD-46AD-85ED-61A12C260697}"
EndProject
Project("{9A19103F-16F7-4668-BE54-9A1E7A4F7556}") = "LeitorNFe.Infra", "LeitorNFe.infra\LeitorNFe.Infra.csproj", "{A42A978A-7BE4-4B51-B2EA-70124CCFFCDC}"
EndProject
Global
	GlobalSection(SolutionConfigurationPlatforms) = preSolution
		Debug|Any CPU = Debug|Any CPU
		Release|Any CPU = Release|Any CPU
	EndGlobalSection
	GlobalSection(ProjectConfigurationPlatforms) = postSolution
		{F0CD7D3A-76E3-4EB8-A08A-410FF73A8941}.Debug|Any CPU.ActiveCfg = Debug|Any CPU
		{F0CD7D3A-76E3-4EB8-A08A-410FF73A8941}.Debug|Any CPU.Build.0 = Debug|Any CPU
		{F0CD7D3A-76E3-4EB8-A08A-410FF73A8941}.Release|Any CPU.ActiveCfg = Release|Any CPU
		{F0CD7D3A-76E3-4EB8-A08A-410FF73A8941}.Release|Any CPU.Build.0 = Release|Any CPU
		{FCAEC83C-94DD-46AD-85ED-61A12C260697}.Debug|Any CPU.ActiveCfg = Debug|Any CPU
		{FCAEC83C-94DD-46AD-85ED-61A12C260697}.Debug|Any CPU.Build.0 = Debug|Any CPU
		{FCAEC83C-94DD-46AD-85ED-61A12C260697}.Release|Any CPU.ActiveCfg = Release|Any CPU
		{FCAEC83C-94DD-46AD-85ED-61A12C260697}.Release|Any CPU.Build.0 = Release|Any CPU
		{A42A978A-7BE4-4B51-B2EA-70124CCFFCDC}.Debug|Any CPU.ActiveCfg = Debug|Any CPU
		{A42A978A-7BE4-4B51-B2EA-70124CCFFCDC}.Debug|Any CPU.Build.0 = Debug|Any CPU
		{A42A978A-7BE4-4B51-B2EA-70124CCFFCDC}.Release|Any CPU.ActiveCfg = Release|Any CPU
		{A42A978A-7BE4-4B51-B2EA-70124CCFFCDC}.Release|Any CPU.Build.0 = Release|Any CPU
	EndGlobalSection
	GlobalSection(SolutionProperties) = preSolution
		HideSolutionNode = FALSE
	EndGlobalSection
	GlobalSection(ExtensibilityGlobals) = postSolution
		SolutionGuid = {130219E7-A500-4B25-B71D-9A61E6AD6518}
	EndGlobalSection
EndGlobal
